
Microsoft Visual Studio Solution File, Format Version 11.00
# Visual Studio 2010
Project("{E24C65DC-7377-472B-9ABA-BC803B73C61A}") = "WebSiteGridView", ".", "{152CE6EE-6C47-4C5F-8C0E-79625AF0547D}"
	ProjectSection(WebsiteProperties) = preProject
		TargetFrameworkMoniker = ".NETFramework,Version%3Dv4.0"
		Debug.AspNetCompiler.VirtualPath = "/WebSiteGridView"
		Debug.AspNetCompiler.PhysicalPath = "..\..\..\..\..\ProjectYuval12G\WebSiteGridView\"
		Debug.AspNetCompiler.TargetPath = "PrecompiledWeb\WebSiteGridView\"
		Debug.AspNetCompiler.Updateable = "true"
		Debug.AspNetCompiler.ForceOverwrite = "true"
		Debug.AspNetCompiler.FixedNames = "false"
		Debug.AspNetCompiler.Debug = "True"
		Release.AspNetCompiler.VirtualPath = "/WebSiteGridView"
		Release.AspNetCompiler.PhysicalPath = "..\..\..\..\..\ProjectYuval12G\WebSiteGridView\"
		Release.AspNetCompiler.TargetPath = "PrecompiledWeb\WebSiteGridView\"
		Release.AspNetCompiler.Updateable = "true"
		Release.AspNetCompiler.ForceOverwrite = "true"
		Release.AspNetCompiler.FixedNames = "false"
		Release.AspNetCompiler.Debug = "False"
		VWDPort = "49417"
	EndProjectSection
EndProject
Global
	GlobalSection(SolutionConfigurationPlatforms) = preSolution
		Debug|Any CPU = Debug|Any CPU
	EndGlobalSection
	GlobalSection(ProjectConfigurationPlatforms) = postSolution
		{152CE6EE-6C47-4C5F-8C0E-79625AF0547D}.Debug|Any CPU.ActiveCfg = Debug|Any CPU
		{152CE6EE-6C47-4C5F-8C0E-79625AF0547D}.Debug|Any CPU.Build.0 = Debug|Any CPU
	EndGlobalSection
	GlobalSection(SolutionProperties) = preSolution
		HideSolutionNode = FALSE
	EndGlobalSection
EndGlobal
