
Microsoft Visual Studio Solution File, Format Version 11.00
# Visual Studio 2010
Project("{E24C65DC-7377-472B-9ABA-BC803B73C61A}") = "YuvalsShopingBag", ".", "{EB69661E-6283-4BC7-9774-F501E8FF8950}"
	ProjectSection(WebsiteProperties) = preProject
		TargetFrameworkMoniker = ".NETFramework,Version%3Dv4.0"
		Debug.AspNetCompiler.VirtualPath = "/YuvalsShopingBag"
		Debug.AspNetCompiler.PhysicalPath = "..\..\..\..\..\ProjectYuval12G\YuvalsShopingBag\"
		Debug.AspNetCompiler.TargetPath = "PrecompiledWeb\YuvalsShopingBag\"
		Debug.AspNetCompiler.Updateable = "true"
		Debug.AspNetCompiler.ForceOverwrite = "true"
		Debug.AspNetCompiler.FixedNames = "false"
		Debug.AspNetCompiler.Debug = "True"
		Release.AspNetCompiler.VirtualPath = "/YuvalsShopingBag"
		Release.AspNetCompiler.PhysicalPath = "..\..\..\..\..\ProjectYuval12G\YuvalsShopingBag\"
		Release.AspNetCompiler.TargetPath = "PrecompiledWeb\YuvalsShopingBag\"
		Release.AspNetCompiler.Updateable = "true"
		Release.AspNetCompiler.ForceOverwrite = "true"
		Release.AspNetCompiler.FixedNames = "false"
		Release.AspNetCompiler.Debug = "False"
		VWDPort = "51954"
	EndProjectSection
EndProject
Global
	GlobalSection(SolutionConfigurationPlatforms) = preSolution
		Debug|Any CPU = Debug|Any CPU
	EndGlobalSection
	GlobalSection(ProjectConfigurationPlatforms) = postSolution
		{EB69661E-6283-4BC7-9774-F501E8FF8950}.Debug|Any CPU.ActiveCfg = Debug|Any CPU
		{EB69661E-6283-4BC7-9774-F501E8FF8950}.Debug|Any CPU.Build.0 = Debug|Any CPU
	EndGlobalSection
	GlobalSection(SolutionProperties) = preSolution
		HideSolutionNode = FALSE
	EndGlobalSection
EndGlobal
